
Microsoft Visual Studio Solution File, Format Version 12.00
Project("{FAE04EC0-301F-11D3-BF4B-00C04F79EFBC}") = "WebApp", "WebApp\WebApp.csproj", "{497D2142-C5F9-4C64-8BBF-3DB7F098D4E6}"
EndProject
Project("{FAE04EC0-301F-11D3-BF4B-00C04F79EFBC}") = "App.Domain", "App.Domain\App.Domain.csproj", "{AE4BC086-1D1B-4674-9E60-DFBFB7873EE2}"
EndProject
Project("{2150E333-8FDC-42A3-9474-1A3956D46DE8}") = "App", "App", "{A2783085-B5C8-4A13-9283-D8173ED6BA46}"
EndProject
Project("{2150E333-8FDC-42A3-9474-1A3956D46DE8}") = "Base", "Base", "{3C362550-A1DA-4C30-9428-B27E54561C59}"
EndProject
Project("{FAE04EC0-301F-11D3-BF4B-00C04F79EFBC}") = "Base.Domain", "Base.Domain\Base.Domain.csproj", "{043B1395-D2CC-4EDF-B131-E892E7235643}"
EndProject
Project("{2150E333-8FDC-42A3-9474-1A3956D46DE8}") = "Solution Items", "Solution Items", "{514093CF-9A74-4ABD-A716-59DF837A371D}"
	ProjectSection(SolutionItems) = preProject
		.gitignore = .gitignore
		docker-compose.yml = docker-compose.yml
	EndProjectSection
EndProject
Project("{FAE04EC0-301F-11D3-BF4B-00C04F79EFBC}") = "Base.Contracts.Domain", "Base.Contracts.Domain\Base.Contracts.Domain.csproj", "{D4C43459-15E0-4239-A63A-22A7212AE62E}"
EndProject
Project("{FAE04EC0-301F-11D3-BF4B-00C04F79EFBC}") = "App.DAL.EF", "App.DAL.EF\App.DAL.EF.csproj", "{06B44261-696A-4462-8CDB-FF75AB9EC2C0}"
EndProject
Project("{FAE04EC0-301F-11D3-BF4B-00C04F79EFBC}") = "Base.Contracts.DAL", "Base.Contracts.DAL\Base.Contracts.DAL.csproj", "{07FDEA37-A9DF-458C-B9E5-DE293095C850}"
EndProject
Project("{FAE04EC0-301F-11D3-BF4B-00C04F79EFBC}") = "Base.DAL.EF", "Base.DAL.EF\Base.DAL.EF.csproj", "{FF747F0A-AF1E-4D8D-A00D-43D6A3B11E0F}"
EndProject
Project("{FAE04EC0-301F-11D3-BF4B-00C04F79EFBC}") = "App.Contracts.DAL", "App.Contracts.DAL\App.Contracts.DAL.csproj", "{4C5F5319-90B3-4248-8D8E-6C699CD79217}"
EndProject
Project("{FAE04EC0-301F-11D3-BF4B-00C04F79EFBC}") = "Helpers", "Helpers\Helpers.csproj", "{101E70C1-561D-4765-B30C-211720C562DC}"
EndProject
Project("{FAE04EC0-301F-11D3-BF4B-00C04F79EFBC}") = "App.BLL", "App.BLL\App.BLL.csproj", "{E19DEDBF-3B7B-42D9-95D2-0A2A989A860A}"
EndProject
Project("{FAE04EC0-301F-11D3-BF4B-00C04F79EFBC}") = "App.Contracts.BLL", "App.Contracts.BLL\App.Contracts.BLL.csproj", "{DF0E2F9C-95DF-4A3C-B597-C0C49DB23960}"
EndProject
Project("{FAE04EC0-301F-11D3-BF4B-00C04F79EFBC}") = "App.DAL.DTO", "App.DAL.DTO\App.DAL.DTO.csproj", "{912AC2B6-348C-42B4-9F61-64CE93DF1C60}"
EndProject
Project("{FAE04EC0-301F-11D3-BF4B-00C04F79EFBC}") = "Base.Contracts.BLL", "Base.Contracts.BLL\Base.Contracts.BLL.csproj", "{FF0D1548-212E-48DB-BD82-3DF449C82BCA}"
EndProject
Project("{FAE04EC0-301F-11D3-BF4B-00C04F79EFBC}") = "Base.BLL", "Base.BLL\Base.BLL.csproj", "{73A60BC0-EC55-4DDD-89F3-94E3A01A6ABD}"
EndProject
Project("{FAE04EC0-301F-11D3-BF4B-00C04F79EFBC}") = "App.BLL.DTO", "App.BLL.DTO\App.BLL.DTO.csproj", "{BB48B808-BB8F-45D5-A877-B0FBA877C3B2}"
EndProject
Project("{FAE04EC0-301F-11D3-BF4B-00C04F79EFBC}") = "App.DTO", "App.DTO\App.DTO.csproj", "{D900C920-E80E-48D7-8590-D794062DFD3D}"
EndProject
Project("{FAE04EC0-301F-11D3-BF4B-00C04F79EFBC}") = "Tests", "Tests\Tests.csproj", "{3928B545-35B2-4D38-BB19-70248501A5DF}"
EndProject
Global
	GlobalSection(SolutionConfigurationPlatforms) = preSolution
		Debug|Any CPU = Debug|Any CPU
		Release|Any CPU = Release|Any CPU
	EndGlobalSection
	GlobalSection(ProjectConfigurationPlatforms) = postSolution
		{497D2142-C5F9-4C64-8BBF-3DB7F098D4E6}.Debug|Any CPU.ActiveCfg = Debug|Any CPU
		{497D2142-C5F9-4C64-8BBF-3DB7F098D4E6}.Debug|Any CPU.Build.0 = Debug|Any CPU
		{497D2142-C5F9-4C64-8BBF-3DB7F098D4E6}.Release|Any CPU.ActiveCfg = Release|Any CPU
		{497D2142-C5F9-4C64-8BBF-3DB7F098D4E6}.Release|Any CPU.Build.0 = Release|Any CPU
		{AE4BC086-1D1B-4674-9E60-DFBFB7873EE2}.Debug|Any CPU.ActiveCfg = Debug|Any CPU
		{AE4BC086-1D1B-4674-9E60-DFBFB7873EE2}.Debug|Any CPU.Build.0 = Debug|Any CPU
		{AE4BC086-1D1B-4674-9E60-DFBFB7873EE2}.Release|Any CPU.ActiveCfg = Release|Any CPU
		{AE4BC086-1D1B-4674-9E60-DFBFB7873EE2}.Release|Any CPU.Build.0 = Release|Any CPU
		{043B1395-D2CC-4EDF-B131-E892E7235643}.Debug|Any CPU.ActiveCfg = Debug|Any CPU
		{043B1395-D2CC-4EDF-B131-E892E7235643}.Debug|Any CPU.Build.0 = Debug|Any CPU
		{043B1395-D2CC-4EDF-B131-E892E7235643}.Release|Any CPU.ActiveCfg = Release|Any CPU
		{043B1395-D2CC-4EDF-B131-E892E7235643}.Release|Any CPU.Build.0 = Release|Any CPU
		{D4C43459-15E0-4239-A63A-22A7212AE62E}.Debug|Any CPU.ActiveCfg = Debug|Any CPU
		{D4C43459-15E0-4239-A63A-22A7212AE62E}.Debug|Any CPU.Build.0 = Debug|Any CPU
		{D4C43459-15E0-4239-A63A-22A7212AE62E}.Release|Any CPU.ActiveCfg = Release|Any CPU
		{D4C43459-15E0-4239-A63A-22A7212AE62E}.Release|Any CPU.Build.0 = Release|Any CPU
		{06B44261-696A-4462-8CDB-FF75AB9EC2C0}.Debug|Any CPU.ActiveCfg = Debug|Any CPU
		{06B44261-696A-4462-8CDB-FF75AB9EC2C0}.Debug|Any CPU.Build.0 = Debug|Any CPU
		{06B44261-696A-4462-8CDB-FF75AB9EC2C0}.Release|Any CPU.ActiveCfg = Release|Any CPU
		{06B44261-696A-4462-8CDB-FF75AB9EC2C0}.Release|Any CPU.Build.0 = Release|Any CPU
		{07FDEA37-A9DF-458C-B9E5-DE293095C850}.Debug|Any CPU.ActiveCfg = Debug|Any CPU
		{07FDEA37-A9DF-458C-B9E5-DE293095C850}.Debug|Any CPU.Build.0 = Debug|Any CPU
		{07FDEA37-A9DF-458C-B9E5-DE293095C850}.Release|Any CPU.ActiveCfg = Release|Any CPU
		{07FDEA37-A9DF-458C-B9E5-DE293095C850}.Release|Any CPU.Build.0 = Release|Any CPU
		{FF747F0A-AF1E-4D8D-A00D-43D6A3B11E0F}.Debug|Any CPU.ActiveCfg = Debug|Any CPU
		{FF747F0A-AF1E-4D8D-A00D-43D6A3B11E0F}.Debug|Any CPU.Build.0 = Debug|Any CPU
		{FF747F0A-AF1E-4D8D-A00D-43D6A3B11E0F}.Release|Any CPU.ActiveCfg = Release|Any CPU
		{FF747F0A-AF1E-4D8D-A00D-43D6A3B11E0F}.Release|Any CPU.Build.0 = Release|Any CPU
		{4C5F5319-90B3-4248-8D8E-6C699CD79217}.Debug|Any CPU.ActiveCfg = Debug|Any CPU
		{4C5F5319-90B3-4248-8D8E-6C699CD79217}.Debug|Any CPU.Build.0 = Debug|Any CPU
		{4C5F5319-90B3-4248-8D8E-6C699CD79217}.Release|Any CPU.ActiveCfg = Release|Any CPU
		{4C5F5319-90B3-4248-8D8E-6C699CD79217}.Release|Any CPU.Build.0 = Release|Any CPU
		{101E70C1-561D-4765-B30C-211720C562DC}.Debug|Any CPU.ActiveCfg = Debug|Any CPU
		{101E70C1-561D-4765-B30C-211720C562DC}.Debug|Any CPU.Build.0 = Debug|Any CPU
		{101E70C1-561D-4765-B30C-211720C562DC}.Release|Any CPU.ActiveCfg = Release|Any CPU
		{101E70C1-561D-4765-B30C-211720C562DC}.Release|Any CPU.Build.0 = Release|Any CPU
		{E19DEDBF-3B7B-42D9-95D2-0A2A989A860A}.Debug|Any CPU.ActiveCfg = Debug|Any CPU
		{E19DEDBF-3B7B-42D9-95D2-0A2A989A860A}.Debug|Any CPU.Build.0 = Debug|Any CPU
		{E19DEDBF-3B7B-42D9-95D2-0A2A989A860A}.Release|Any CPU.ActiveCfg = Release|Any CPU
		{E19DEDBF-3B7B-42D9-95D2-0A2A989A860A}.Release|Any CPU.Build.0 = Release|Any CPU
		{DF0E2F9C-95DF-4A3C-B597-C0C49DB23960}.Debug|Any CPU.ActiveCfg = Debug|Any CPU
		{DF0E2F9C-95DF-4A3C-B597-C0C49DB23960}.Debug|Any CPU.Build.0 = Debug|Any CPU
		{DF0E2F9C-95DF-4A3C-B597-C0C49DB23960}.Release|Any CPU.ActiveCfg = Release|Any CPU
		{DF0E2F9C-95DF-4A3C-B597-C0C49DB23960}.Release|Any CPU.Build.0 = Release|Any CPU
		{912AC2B6-348C-42B4-9F61-64CE93DF1C60}.Debug|Any CPU.ActiveCfg = Debug|Any CPU
		{912AC2B6-348C-42B4-9F61-64CE93DF1C60}.Debug|Any CPU.Build.0 = Debug|Any CPU
		{912AC2B6-348C-42B4-9F61-64CE93DF1C60}.Release|Any CPU.ActiveCfg = Release|Any CPU
		{912AC2B6-348C-42B4-9F61-64CE93DF1C60}.Release|Any CPU.Build.0 = Release|Any CPU
		{FF0D1548-212E-48DB-BD82-3DF449C82BCA}.Debug|Any CPU.ActiveCfg = Debug|Any CPU
		{FF0D1548-212E-48DB-BD82-3DF449C82BCA}.Debug|Any CPU.Build.0 = Debug|Any CPU
		{FF0D1548-212E-48DB-BD82-3DF449C82BCA}.Release|Any CPU.ActiveCfg = Release|Any CPU
		{FF0D1548-212E-48DB-BD82-3DF449C82BCA}.Release|Any CPU.Build.0 = Release|Any CPU
		{73A60BC0-EC55-4DDD-89F3-94E3A01A6ABD}.Debug|Any CPU.ActiveCfg = Debug|Any CPU
		{73A60BC0-EC55-4DDD-89F3-94E3A01A6ABD}.Debug|Any CPU.Build.0 = Debug|Any CPU
		{73A60BC0-EC55-4DDD-89F3-94E3A01A6ABD}.Release|Any CPU.ActiveCfg = Release|Any CPU
		{73A60BC0-EC55-4DDD-89F3-94E3A01A6ABD}.Release|Any CPU.Build.0 = Release|Any CPU
		{BB48B808-BB8F-45D5-A877-B0FBA877C3B2}.Debug|Any CPU.ActiveCfg = Debug|Any CPU
		{BB48B808-BB8F-45D5-A877-B0FBA877C3B2}.Debug|Any CPU.Build.0 = Debug|Any CPU
		{BB48B808-BB8F-45D5-A877-B0FBA877C3B2}.Release|Any CPU.ActiveCfg = Release|Any CPU
		{BB48B808-BB8F-45D5-A877-B0FBA877C3B2}.Release|Any CPU.Build.0 = Release|Any CPU
		{D900C920-E80E-48D7-8590-D794062DFD3D}.Debug|Any CPU.ActiveCfg = Debug|Any CPU
		{D900C920-E80E-48D7-8590-D794062DFD3D}.Debug|Any CPU.Build.0 = Debug|Any CPU
		{D900C920-E80E-48D7-8590-D794062DFD3D}.Release|Any CPU.ActiveCfg = Release|Any CPU
		{D900C920-E80E-48D7-8590-D794062DFD3D}.Release|Any CPU.Build.0 = Release|Any CPU
		{3928B545-35B2-4D38-BB19-70248501A5DF}.Debug|Any CPU.ActiveCfg = Debug|Any CPU
		{3928B545-35B2-4D38-BB19-70248501A5DF}.Debug|Any CPU.Build.0 = Debug|Any CPU
		{3928B545-35B2-4D38-BB19-70248501A5DF}.Release|Any CPU.ActiveCfg = Release|Any CPU
		{3928B545-35B2-4D38-BB19-70248501A5DF}.Release|Any CPU.Build.0 = Release|Any CPU
	EndGlobalSection
	GlobalSection(NestedProjects) = preSolution
		{AE4BC086-1D1B-4674-9E60-DFBFB7873EE2} = {A2783085-B5C8-4A13-9283-D8173ED6BA46}
		{043B1395-D2CC-4EDF-B131-E892E7235643} = {3C362550-A1DA-4C30-9428-B27E54561C59}
		{497D2142-C5F9-4C64-8BBF-3DB7F098D4E6} = {A2783085-B5C8-4A13-9283-D8173ED6BA46}
		{D4C43459-15E0-4239-A63A-22A7212AE62E} = {3C362550-A1DA-4C30-9428-B27E54561C59}
		{06B44261-696A-4462-8CDB-FF75AB9EC2C0} = {A2783085-B5C8-4A13-9283-D8173ED6BA46}
		{07FDEA37-A9DF-458C-B9E5-DE293095C850} = {3C362550-A1DA-4C30-9428-B27E54561C59}
		{FF747F0A-AF1E-4D8D-A00D-43D6A3B11E0F} = {3C362550-A1DA-4C30-9428-B27E54561C59}
		{4C5F5319-90B3-4248-8D8E-6C699CD79217} = {A2783085-B5C8-4A13-9283-D8173ED6BA46}
		{101E70C1-561D-4765-B30C-211720C562DC} = {3C362550-A1DA-4C30-9428-B27E54561C59}
		{E19DEDBF-3B7B-42D9-95D2-0A2A989A860A} = {A2783085-B5C8-4A13-9283-D8173ED6BA46}
		{DF0E2F9C-95DF-4A3C-B597-C0C49DB23960} = {A2783085-B5C8-4A13-9283-D8173ED6BA46}
		{912AC2B6-348C-42B4-9F61-64CE93DF1C60} = {A2783085-B5C8-4A13-9283-D8173ED6BA46}
		{FF0D1548-212E-48DB-BD82-3DF449C82BCA} = {3C362550-A1DA-4C30-9428-B27E54561C59}
		{73A60BC0-EC55-4DDD-89F3-94E3A01A6ABD} = {3C362550-A1DA-4C30-9428-B27E54561C59}
		{BB48B808-BB8F-45D5-A877-B0FBA877C3B2} = {A2783085-B5C8-4A13-9283-D8173ED6BA46}
		{D900C920-E80E-48D7-8590-D794062DFD3D} = {A2783085-B5C8-4A13-9283-D8173ED6BA46}
		{3928B545-35B2-4D38-BB19-70248501A5DF} = {514093CF-9A74-4ABD-A716-59DF837A371D}
	EndGlobalSection
EndGlobal
