
Microsoft Visual Studio Solution File, Format Version 12.00
Project("{FAE04EC0-301F-11D3-BF4B-00C04F79EFBC}") = "WebApp", "WebApp\WebApp.csproj", "{497D2142-C5F9-4C64-8BBF-3DB7F098D4E6}"
EndProject
Global
	GlobalSection(SolutionConfigurationPlatforms) = preSolution
		Debug|Any CPU = Debug|Any CPU
		Release|Any CPU = Release|Any CPU
	EndGlobalSection
	GlobalSection(ProjectConfigurationPlatforms) = postSolution
		{497D2142-C5F9-4C64-8BBF-3DB7F098D4E6}.Debug|Any CPU.ActiveCfg = Debug|Any CPU
		{497D2142-C5F9-4C64-8BBF-3DB7F098D4E6}.Debug|Any CPU.Build.0 = Debug|Any CPU
		{497D2142-C5F9-4C64-8BBF-3DB7F098D4E6}.Release|Any CPU.ActiveCfg = Release|Any CPU
		{497D2142-C5F9-4C64-8BBF-3DB7F098D4E6}.Release|Any CPU.Build.0 = Release|Any CPU
	EndGlobalSection
EndGlobal
